
Microsoft Visual Studio Solution File, Format Version 12.00
# Visual Studio Version 16
VisualStudioVersion = 16.0.30804.86
MinimumVisualStudioVersion = 10.0.40219.1
Project("{FAE04EC0-301F-11D3-BF4B-00C04F79EFBC}") = "SoftEngine", "SoftEngine.csproj", "{1B5310F3-3AB2-4372-B9D8-935EA11AC146}"
EndProject
Global
	GlobalSection(SolutionConfigurationPlatforms) = preSolution
		Debug|Any CPU = Debug|Any CPU
		Release|Any CPU = Release|Any CPU
	EndGlobalSection
	GlobalSection(ProjectConfigurationPlatforms) = postSolution
		{1B5310F3-3AB2-4372-B9D8-935EA11AC146}.Debug|Any CPU.ActiveCfg = Debug|Any CPU
		{1B5310F3-3AB2-4372-B9D8-935EA11AC146}.Debug|Any CPU.Build.0 = Debug|Any CPU
		{1B5310F3-3AB2-4372-B9D8-935EA11AC146}.Release|Any CPU.ActiveCfg = Release|Any CPU
		{1B5310F3-3AB2-4372-B9D8-935EA11AC146}.Release|Any CPU.Build.0 = Release|Any CPU
	EndGlobalSection
	GlobalSection(SolutionProperties) = preSolution
		HideSolutionNode = FALSE
	EndGlobalSection
	GlobalSection(ExtensibilityGlobals) = postSolution
		SolutionGuid = {349D3319-D2CA-45D2-A9F0-1FAE9E52083A}
	EndGlobalSection
EndGlobal
